// !$*UTF8*$!
{
	archiveVersion = 1;
	classes = {
	};
	objectVersion = 46;
	objects = {

/* Begin PBXBuildFile section */
		5306D002193DFECF005BD52E /* THCoreDataStack.m in Sources */ = {isa = PBXBuildFile; fileRef = 5306D001193DFECF005BD52E /* THCoreDataStack.m */; };
		5306D005193E048C005BD52E /* MenuViewModel.m in Sources */ = {isa = PBXBuildFile; fileRef = 5306D004193E048C005BD52E /* MenuViewModel.m */; };
		5306D008193E08AC005BD52E /* THBasicViewModel.m in Sources */ = {isa = PBXBuildFile; fileRef = 5306D007193E08AC005BD52E /* THBasicViewModel.m */; };
		53097FA71933724F00589393 /* TongHuoTests.m in Sources */ = {isa = PBXBuildFile; fileRef = 532DC957192ED83700C07757 /* TongHuoTests.m */; };
		53097FBB1934BD0B00589393 /* Model.xcdatamodeld in Sources */ = {isa = PBXBuildFile; fileRef = 53097FB91934BD0A00589393 /* Model.xcdatamodeld */; };
		530FC0F81941F1F3007B55F2 /* UINavigationBar+statusBarColor.m in Sources */ = {isa = PBXBuildFile; fileRef = 530FC0F71941F1F3007B55F2 /* UINavigationBar+statusBarColor.m */; };
		530FC0FC19421266007B55F2 /* shake.wav in Resources */ = {isa = PBXBuildFile; fileRef = 530FC0FB19421266007B55F2 /* shake.wav */; };
		530FC0FF19421286007B55F2 /* THHelper.m in Sources */ = {isa = PBXBuildFile; fileRef = 530FC0FE19421286007B55F2 /* THHelper.m */; };
		530FC10119421678007B55F2 /* QuartzCore.framework in Frameworks */ = {isa = PBXBuildFile; fileRef = 530FC10019421678007B55F2 /* QuartzCore.framework */; };
		530FC1041942AEC5007B55F2 /* QRCodeViewModel.m in Sources */ = {isa = PBXBuildFile; fileRef = 530FC1031942AEC5007B55F2 /* QRCodeViewModel.m */; };
		53161138194482E500414567 /* THConfigration.m in Sources */ = {isa = PBXBuildFile; fileRef = 53161137194482E500414567 /* THConfigration.m */; };
		531611421944A61000414567 /* Product+Access.m in Sources */ = {isa = PBXBuildFile; fileRef = 531611411944A61000414567 /* Product+Access.m */; };
		5318244B1938C77F00AA1564 /* SignInViewModel.m in Sources */ = {isa = PBXBuildFile; fileRef = 5318244A1938C77F00AA1564 /* SignInViewModel.m */; };
		5318244E1938C90900AA1564 /* ProductsViewModel.m in Sources */ = {isa = PBXBuildFile; fileRef = 5318244D1938C90900AA1564 /* ProductsViewModel.m */; };
		531824511938C98D00AA1564 /* DeliveriesViewModel.m in Sources */ = {isa = PBXBuildFile; fileRef = 531824501938C98D00AA1564 /* DeliveriesViewModel.m */; };
		531824541938C9C300AA1564 /* MarketsViewModel.m in Sources */ = {isa = PBXBuildFile; fileRef = 531824531938C9C300AA1564 /* MarketsViewModel.m */; };
		531824571938C9DB00AA1564 /* ShopsViewModel.m in Sources */ = {isa = PBXBuildFile; fileRef = 531824561938C9DB00AA1564 /* ShopsViewModel.m */; };
		5318245A1938C9F500AA1564 /* GoodsViewModel.m in Sources */ = {isa = PBXBuildFile; fileRef = 531824591938C9F500AA1564 /* GoodsViewModel.m */; };
		5318245D1938CA1500AA1564 /* UploadViewModel.m in Sources */ = {isa = PBXBuildFile; fileRef = 5318245C1938CA1500AA1564 /* UploadViewModel.m */; };
		531824601938CAA600AA1564 /* JackpotViewModel.m in Sources */ = {isa = PBXBuildFile; fileRef = 5318245F1938CAA600AA1564 /* JackpotViewModel.m */; };
		5318246D1938D4B600AA1564 /* THNavigationController.m in Sources */ = {isa = PBXBuildFile; fileRef = 5318246C1938D4B600AA1564 /* THNavigationController.m */; };
		531824701938D4E700AA1564 /* THDeliveriesViewController.m in Sources */ = {isa = PBXBuildFile; fileRef = 5318246F1938D4E700AA1564 /* THDeliveriesViewController.m */; };
		531824731938D4F900AA1564 /* THMenuViewController.m in Sources */ = {isa = PBXBuildFile; fileRef = 531824721938D4F900AA1564 /* THMenuViewController.m */; };
		531824761938D50900AA1564 /* THProductsViewController.m in Sources */ = {isa = PBXBuildFile; fileRef = 531824751938D50900AA1564 /* THProductsViewController.m */; };
		531824791938D51900AA1564 /* THQRCodeViewController.m in Sources */ = {isa = PBXBuildFile; fileRef = 531824781938D51900AA1564 /* THQRCodeViewController.m */; };
		5318247C1938D53600AA1564 /* THJackpotViewController.m in Sources */ = {isa = PBXBuildFile; fileRef = 5318247B1938D53600AA1564 /* THJackpotViewController.m */; };
		5318247F1938D55900AA1564 /* THSignInViewController.m in Sources */ = {isa = PBXBuildFile; fileRef = 5318247E1938D55900AA1564 /* THSignInViewController.m */; };
		531824821938D56900AA1564 /* THMarketsViewController.m in Sources */ = {isa = PBXBuildFile; fileRef = 531824811938D56900AA1564 /* THMarketsViewController.m */; };
		531824851938D57500AA1564 /* THShopsViewController.m in Sources */ = {isa = PBXBuildFile; fileRef = 531824841938D57500AA1564 /* THShopsViewController.m */; };
		531824881938D58100AA1564 /* THGoodsViewController.m in Sources */ = {isa = PBXBuildFile; fileRef = 531824871938D58100AA1564 /* THGoodsViewController.m */; };
		5318248B1938D5AA00AA1564 /* THUploadGoodsViewController.m in Sources */ = {isa = PBXBuildFile; fileRef = 5318248A1938D5AA00AA1564 /* THUploadGoodsViewController.m */; };
		531DB3011948A21B00D12FE1 /* Product.m in Sources */ = {isa = PBXBuildFile; fileRef = 531DB3001948A21B00D12FE1 /* Product.m */; };
		531DB3041948A24500D12FE1 /* Orders.m in Sources */ = {isa = PBXBuildFile; fileRef = 531DB3031948A24500D12FE1 /* Orders.m */; };
		531DB3081948BD5000D12FE1 /* THUISwitch.m in Sources */ = {isa = PBXBuildFile; fileRef = 531DB3071948BD5000D12FE1 /* THUISwitch.m */; };
		532D1340193F504100CC0399 /* THTableViewMenuCell.m in Sources */ = {isa = PBXBuildFile; fileRef = 532D133F193F504100CC0399 /* THTableViewMenuCell.m */; };
		532D1343193F50B300CC0399 /* THTableViewProductCell.m in Sources */ = {isa = PBXBuildFile; fileRef = 532D1342193F50B300CC0399 /* THTableViewProductCell.m */; };
		532D1346193F50C600CC0399 /* THTableViewDeliveryCell.m in Sources */ = {isa = PBXBuildFile; fileRef = 532D1345193F50C600CC0399 /* THTableViewDeliveryCell.m */; };
		532D1349193F50D900CC0399 /* THTableViewMarketCell.m in Sources */ = {isa = PBXBuildFile; fileRef = 532D1348193F50D900CC0399 /* THTableViewMarketCell.m */; };
		532D134C193F50E700CC0399 /* THTableViewShopCell.m in Sources */ = {isa = PBXBuildFile; fileRef = 532D134B193F50E700CC0399 /* THTableViewShopCell.m */; };
		532D134F193F50F900CC0399 /* THTableViewGoodCell.m in Sources */ = {isa = PBXBuildFile; fileRef = 532D134E193F50F900CC0399 /* THTableViewGoodCell.m */; };
		532D1352193F640600CC0399 /* THViewController.m in Sources */ = {isa = PBXBuildFile; fileRef = 532D1351193F640600CC0399 /* THViewController.m */; };
		532D60B71931DF2200537D4C /* THNetwork.m in Sources */ = {isa = PBXBuildFile; fileRef = 532D60B61931DF2200537D4C /* THNetwork.m */; };
		532D60B91931DF7600537D4C /* Config.xcconfig in Resources */ = {isa = PBXBuildFile; fileRef = 532D60B81931DF7600537D4C /* Config.xcconfig */; };
		532D60BB1931DFD200537D4C /* Settings.plist in Resources */ = {isa = PBXBuildFile; fileRef = 532D60BA1931DFD200537D4C /* Settings.plist */; };
		532D60BE1931DFF900537D4C /* THSettings.m in Sources */ = {isa = PBXBuildFile; fileRef = 532D60BD1931DFF900537D4C /* THSettings.m */; };
		532D60C41931E0A800537D4C /* THAuthorizer.m in Sources */ = {isa = PBXBuildFile; fileRef = 532D60C31931E0A800537D4C /* THAuthorizer.m */; };
		532D60D11932268900537D4C /* THAPI.m in Sources */ = {isa = PBXBuildFile; fileRef = 532D60D01932268900537D4C /* THAPI.m */; };
		532DC933192ED83600C07757 /* Foundation.framework in Frameworks */ = {isa = PBXBuildFile; fileRef = 532DC932192ED83600C07757 /* Foundation.framework */; };
		532DC935192ED83600C07757 /* CoreGraphics.framework in Frameworks */ = {isa = PBXBuildFile; fileRef = 532DC934192ED83600C07757 /* CoreGraphics.framework */; };
		532DC937192ED83600C07757 /* UIKit.framework in Frameworks */ = {isa = PBXBuildFile; fileRef = 532DC936192ED83600C07757 /* UIKit.framework */; };
		532DC93D192ED83600C07757 /* InfoPlist.strings in Resources */ = {isa = PBXBuildFile; fileRef = 532DC93B192ED83600C07757 /* InfoPlist.strings */; };
		532DC93F192ED83600C07757 /* main.m in Sources */ = {isa = PBXBuildFile; fileRef = 532DC93E192ED83600C07757 /* main.m */; };
		532DC943192ED83600C07757 /* AppDelegate.m in Sources */ = {isa = PBXBuildFile; fileRef = 532DC942192ED83600C07757 /* AppDelegate.m */; };
		532DC945192ED83600C07757 /* Images.xcassets in Resources */ = {isa = PBXBuildFile; fileRef = 532DC944192ED83600C07757 /* Images.xcassets */; };
		532DC94C192ED83700C07757 /* XCTest.framework in Frameworks */ = {isa = PBXBuildFile; fileRef = 532DC94B192ED83600C07757 /* XCTest.framework */; };
		532DC94D192ED83700C07757 /* Foundation.framework in Frameworks */ = {isa = PBXBuildFile; fileRef = 532DC932192ED83600C07757 /* Foundation.framework */; };
		532DC94E192ED83700C07757 /* UIKit.framework in Frameworks */ = {isa = PBXBuildFile; fileRef = 532DC936192ED83600C07757 /* UIKit.framework */; };
		532DC956192ED83700C07757 /* InfoPlist.strings in Resources */ = {isa = PBXBuildFile; fileRef = 532DC954192ED83700C07757 /* InfoPlist.strings */; };
		537F7B6B1942D93500CE1703 /* Account+Access.m in Sources */ = {isa = PBXBuildFile; fileRef = 537F7B6A1942D93500CE1703 /* Account+Access.m */; };
		537F7B6E1942D94700CE1703 /* Goods+Access.m in Sources */ = {isa = PBXBuildFile; fileRef = 537F7B6D1942D94700CE1703 /* Goods+Access.m */; };
		537F7B711942D95900CE1703 /* Markets+Access.m in Sources */ = {isa = PBXBuildFile; fileRef = 537F7B701942D95900CE1703 /* Markets+Access.m */; };
		537F7B741942D96A00CE1703 /* Orders+Access.m in Sources */ = {isa = PBXBuildFile; fileRef = 537F7B731942D96A00CE1703 /* Orders+Access.m */; };
		537F7B771942D98800CE1703 /* Platforms+Access.m in Sources */ = {isa = PBXBuildFile; fileRef = 537F7B761942D98800CE1703 /* Platforms+Access.m */; };
		537F7B7A1942D99C00CE1703 /* Sellers+Access.m in Sources */ = {isa = PBXBuildFile; fileRef = 537F7B791942D99C00CE1703 /* Sellers+Access.m */; };
		537F7B7D1942D9AC00CE1703 /* Shops+Access.m in Sources */ = {isa = PBXBuildFile; fileRef = 537F7B7C1942D9AC00CE1703 /* Shops+Access.m */; };
		53AA3D7319387E1400D9C35B /* Account.m in Sources */ = {isa = PBXBuildFile; fileRef = 53AA3D6019387E1400D9C35B /* Account.m */; };
		53AA3D7419387E1400D9C35B /* Goods.m in Sources */ = {isa = PBXBuildFile; fileRef = 53AA3D6319387E1400D9C35B /* Goods.m */; };
		53AA3D7519387E1400D9C35B /* Markets.m in Sources */ = {isa = PBXBuildFile; fileRef = 53AA3D6619387E1400D9C35B /* Markets.m */; };
		53AA3D7719387E1400D9C35B /* Platforms.m in Sources */ = {isa = PBXBuildFile; fileRef = 53AA3D6C19387E1400D9C35B /* Platforms.m */; };
		53AA3D7819387E1400D9C35B /* Sellers.m in Sources */ = {isa = PBXBuildFile; fileRef = 53AA3D6F19387E1400D9C35B /* Sellers.m */; };
		53AA3D7919387E1400D9C35B /* Shops.m in Sources */ = {isa = PBXBuildFile; fileRef = 53AA3D7219387E1400D9C35B /* Shops.m */; };
		DEB449EFB0ED4794A5608AED /* libPods-TongHuo.a in Frameworks */ = {isa = PBXBuildFile; fileRef = 8F26962D080247409958FBBD /* libPods-TongHuo.a */; };
		DED4762164AD4A74A010EABD /* libPods-TongHuoTests.a in Frameworks */ = {isa = PBXBuildFile; fileRef = 57CCC640F1E5454F91A13A04 /* libPods-TongHuoTests.a */; };
/* End PBXBuildFile section */

/* Begin PBXContainerItemProxy section */
		532DC94F192ED83700C07757 /* PBXContainerItemProxy */ = {
			isa = PBXContainerItemProxy;
			containerPortal = 532DC927192ED83600C07757 /* Project object */;
			proxyType = 1;
			remoteGlobalIDString = 532DC92E192ED83600C07757;
			remoteInfo = TongHuo;
		};
/* End PBXContainerItemProxy section */

/* Begin PBXFileReference section */
		5306D000193DFECF005BD52E /* THCoreDataStack.h */ = {isa = PBXFileReference; fileEncoding = 4; lastKnownFileType = sourcecode.c.h; path = THCoreDataStack.h; sourceTree = "<group>"; };
		5306D001193DFECF005BD52E /* THCoreDataStack.m */ = {isa = PBXFileReference; fileEncoding = 4; lastKnownFileType = sourcecode.c.objc; path = THCoreDataStack.m; sourceTree = "<group>"; };
		5306D003193E048C005BD52E /* MenuViewModel.h */ = {isa = PBXFileReference; fileEncoding = 4; lastKnownFileType = sourcecode.c.h; path = MenuViewModel.h; sourceTree = "<group>"; };
		5306D004193E048C005BD52E /* MenuViewModel.m */ = {isa = PBXFileReference; fileEncoding = 4; lastKnownFileType = sourcecode.c.objc; path = MenuViewModel.m; sourceTree = "<group>"; };
		5306D006193E08AC005BD52E /* THBasicViewModel.h */ = {isa = PBXFileReference; fileEncoding = 4; lastKnownFileType = sourcecode.c.h; path = THBasicViewModel.h; sourceTree = "<group>"; };
		5306D007193E08AC005BD52E /* THBasicViewModel.m */ = {isa = PBXFileReference; fileEncoding = 4; lastKnownFileType = sourcecode.c.objc; path = THBasicViewModel.m; sourceTree = "<group>"; };
		53097FBA1934BD0A00589393 /* Model.xcdatamodel */ = {isa = PBXFileReference; lastKnownFileType = wrapper.xcdatamodel; path = Model.xcdatamodel; sourceTree = "<group>"; };
		530FC0F61941F1F3007B55F2 /* UINavigationBar+statusBarColor.h */ = {isa = PBXFileReference; fileEncoding = 4; lastKnownFileType = sourcecode.c.h; path = "UINavigationBar+statusBarColor.h"; sourceTree = "<group>"; };
		530FC0F71941F1F3007B55F2 /* UINavigationBar+statusBarColor.m */ = {isa = PBXFileReference; fileEncoding = 4; lastKnownFileType = sourcecode.c.objc; path = "UINavigationBar+statusBarColor.m"; sourceTree = "<group>"; };
		530FC0FB19421266007B55F2 /* shake.wav */ = {isa = PBXFileReference; lastKnownFileType = audio.wav; path = shake.wav; sourceTree = "<group>"; };
		530FC0FD19421286007B55F2 /* THHelper.h */ = {isa = PBXFileReference; fileEncoding = 4; lastKnownFileType = sourcecode.c.h; path = THHelper.h; sourceTree = "<group>"; };
		530FC0FE19421286007B55F2 /* THHelper.m */ = {isa = PBXFileReference; fileEncoding = 4; lastKnownFileType = sourcecode.c.objc; path = THHelper.m; sourceTree = "<group>"; };
		530FC10019421678007B55F2 /* QuartzCore.framework */ = {isa = PBXFileReference; lastKnownFileType = wrapper.framework; name = QuartzCore.framework; path = System/Library/Frameworks/QuartzCore.framework; sourceTree = SDKROOT; };
		530FC1021942AEC5007B55F2 /* QRCodeViewModel.h */ = {isa = PBXFileReference; fileEncoding = 4; lastKnownFileType = sourcecode.c.h; path = QRCodeViewModel.h; sourceTree = "<group>"; };
		530FC1031942AEC5007B55F2 /* QRCodeViewModel.m */ = {isa = PBXFileReference; fileEncoding = 4; lastKnownFileType = sourcecode.c.objc; path = QRCodeViewModel.m; sourceTree = "<group>"; };
		53161136194482E500414567 /* THConfigration.h */ = {isa = PBXFileReference; fileEncoding = 4; lastKnownFileType = sourcecode.c.h; path = THConfigration.h; sourceTree = "<group>"; };
		53161137194482E500414567 /* THConfigration.m */ = {isa = PBXFileReference; fileEncoding = 4; lastKnownFileType = sourcecode.c.objc; path = THConfigration.m; sourceTree = "<group>"; };
		531611401944A61000414567 /* Product+Access.h */ = {isa = PBXFileReference; fileEncoding = 4; lastKnownFileType = sourcecode.c.h; path = "Product+Access.h"; sourceTree = "<group>"; };
		531611411944A61000414567 /* Product+Access.m */ = {isa = PBXFileReference; fileEncoding = 4; lastKnownFileType = sourcecode.c.objc; path = "Product+Access.m"; sourceTree = "<group>"; };
		531824491938C77F00AA1564 /* SignInViewModel.h */ = {isa = PBXFileReference; fileEncoding = 4; lastKnownFileType = sourcecode.c.h; path = SignInViewModel.h; sourceTree = "<group>"; };
		5318244A1938C77F00AA1564 /* SignInViewModel.m */ = {isa = PBXFileReference; fileEncoding = 4; lastKnownFileType = sourcecode.c.objc; path = SignInViewModel.m; sourceTree = "<group>"; };
		5318244C1938C90900AA1564 /* ProductsViewModel.h */ = {isa = PBXFileReference; fileEncoding = 4; lastKnownFileType = sourcecode.c.h; path = ProductsViewModel.h; sourceTree = "<group>"; };
		5318244D1938C90900AA1564 /* ProductsViewModel.m */ = {isa = PBXFileReference; fileEncoding = 4; lastKnownFileType = sourcecode.c.objc; path = ProductsViewModel.m; sourceTree = "<group>"; };
		5318244F1938C98D00AA1564 /* DeliveriesViewModel.h */ = {isa = PBXFileReference; fileEncoding = 4; lastKnownFileType = sourcecode.c.h; path = DeliveriesViewModel.h; sourceTree = "<group>"; };
		531824501938C98D00AA1564 /* DeliveriesViewModel.m */ = {isa = PBXFileReference; fileEncoding = 4; lastKnownFileType = sourcecode.c.objc; path = DeliveriesViewModel.m; sourceTree = "<group>"; };
		531824521938C9C300AA1564 /* MarketsViewModel.h */ = {isa = PBXFileReference; fileEncoding = 4; lastKnownFileType = sourcecode.c.h; path = MarketsViewModel.h; sourceTree = "<group>"; };
		531824531938C9C300AA1564 /* MarketsViewModel.m */ = {isa = PBXFileReference; fileEncoding = 4; lastKnownFileType = sourcecode.c.objc; path = MarketsViewModel.m; sourceTree = "<group>"; };
		531824551938C9DB00AA1564 /* ShopsViewModel.h */ = {isa = PBXFileReference; fileEncoding = 4; lastKnownFileType = sourcecode.c.h; path = ShopsViewModel.h; sourceTree = "<group>"; };
		531824561938C9DB00AA1564 /* ShopsViewModel.m */ = {isa = PBXFileReference; fileEncoding = 4; lastKnownFileType = sourcecode.c.objc; path = ShopsViewModel.m; sourceTree = "<group>"; };
		531824581938C9F500AA1564 /* GoodsViewModel.h */ = {isa = PBXFileReference; fileEncoding = 4; lastKnownFileType = sourcecode.c.h; path = GoodsViewModel.h; sourceTree = "<group>"; };
		531824591938C9F500AA1564 /* GoodsViewModel.m */ = {isa = PBXFileReference; fileEncoding = 4; lastKnownFileType = sourcecode.c.objc; path = GoodsViewModel.m; sourceTree = "<group>"; };
		5318245B1938CA1500AA1564 /* UploadViewModel.h */ = {isa = PBXFileReference; fileEncoding = 4; lastKnownFileType = sourcecode.c.h; path = UploadViewModel.h; sourceTree = "<group>"; };
		5318245C1938CA1500AA1564 /* UploadViewModel.m */ = {isa = PBXFileReference; fileEncoding = 4; lastKnownFileType = sourcecode.c.objc; path = UploadViewModel.m; sourceTree = "<group>"; };
		5318245E1938CAA600AA1564 /* JackpotViewModel.h */ = {isa = PBXFileReference; fileEncoding = 4; lastKnownFileType = sourcecode.c.h; path = JackpotViewModel.h; sourceTree = "<group>"; };
		5318245F1938CAA600AA1564 /* JackpotViewModel.m */ = {isa = PBXFileReference; fileEncoding = 4; lastKnownFileType = sourcecode.c.objc; path = JackpotViewModel.m; sourceTree = "<group>"; };
		5318246B1938D4B600AA1564 /* THNavigationController.h */ = {isa = PBXFileReference; fileEncoding = 4; lastKnownFileType = sourcecode.c.h; path = THNavigationController.h; sourceTree = "<group>"; };
		5318246C1938D4B600AA1564 /* THNavigationController.m */ = {isa = PBXFileReference; fileEncoding = 4; lastKnownFileType = sourcecode.c.objc; path = THNavigationController.m; sourceTree = "<group>"; };
		5318246E1938D4E700AA1564 /* THDeliveriesViewController.h */ = {isa = PBXFileReference; fileEncoding = 4; lastKnownFileType = sourcecode.c.h; path = THDeliveriesViewController.h; sourceTree = "<group>"; };
		5318246F1938D4E700AA1564 /* THDeliveriesViewController.m */ = {isa = PBXFileReference; fileEncoding = 4; lastKnownFileType = sourcecode.c.objc; path = THDeliveriesViewController.m; sourceTree = "<group>"; };
		531824711938D4F900AA1564 /* THMenuViewController.h */ = {isa = PBXFileReference; fileEncoding = 4; lastKnownFileType = sourcecode.c.h; path = THMenuViewController.h; sourceTree = "<group>"; };
		531824721938D4F900AA1564 /* THMenuViewController.m */ = {isa = PBXFileReference; fileEncoding = 4; lastKnownFileType = sourcecode.c.objc; path = THMenuViewController.m; sourceTree = "<group>"; };
		531824741938D50900AA1564 /* THProductsViewController.h */ = {isa = PBXFileReference; fileEncoding = 4; lastKnownFileType = sourcecode.c.h; path = THProductsViewController.h; sourceTree = "<group>"; };
		531824751938D50900AA1564 /* THProductsViewController.m */ = {isa = PBXFileReference; fileEncoding = 4; lastKnownFileType = sourcecode.c.objc; path = THProductsViewController.m; sourceTree = "<group>"; };
		531824771938D51900AA1564 /* THQRCodeViewController.h */ = {isa = PBXFileReference; fileEncoding = 4; lastKnownFileType = sourcecode.c.h; path = THQRCodeViewController.h; sourceTree = "<group>"; };
		531824781938D51900AA1564 /* THQRCodeViewController.m */ = {isa = PBXFileReference; fileEncoding = 4; lastKnownFileType = sourcecode.c.objc; path = THQRCodeViewController.m; sourceTree = "<group>"; };
		5318247A1938D53600AA1564 /* THJackpotViewController.h */ = {isa = PBXFileReference; fileEncoding = 4; lastKnownFileType = sourcecode.c.h; path = THJackpotViewController.h; sourceTree = "<group>"; };
		5318247B1938D53600AA1564 /* THJackpotViewController.m */ = {isa = PBXFileReference; fileEncoding = 4; lastKnownFileType = sourcecode.c.objc; path = THJackpotViewController.m; sourceTree = "<group>"; };
		5318247D1938D55900AA1564 /* THSignInViewController.h */ = {isa = PBXFileReference; fileEncoding = 4; lastKnownFileType = sourcecode.c.h; path = THSignInViewController.h; sourceTree = "<group>"; };
		5318247E1938D55900AA1564 /* THSignInViewController.m */ = {isa = PBXFileReference; fileEncoding = 4; lastKnownFileType = sourcecode.c.objc; path = THSignInViewController.m; sourceTree = "<group>"; };
		531824801938D56900AA1564 /* THMarketsViewController.h */ = {isa = PBXFileReference; fileEncoding = 4; lastKnownFileType = sourcecode.c.h; path = THMarketsViewController.h; sourceTree = "<group>"; };
		531824811938D56900AA1564 /* THMarketsViewController.m */ = {isa = PBXFileReference; fileEncoding = 4; lastKnownFileType = sourcecode.c.objc; path = THMarketsViewController.m; sourceTree = "<group>"; };
		531824831938D57500AA1564 /* THShopsViewController.h */ = {isa = PBXFileReference; fileEncoding = 4; lastKnownFileType = sourcecode.c.h; path = THShopsViewController.h; sourceTree = "<group>"; };
		531824841938D57500AA1564 /* THShopsViewController.m */ = {isa = PBXFileReference; fileEncoding = 4; lastKnownFileType = sourcecode.c.objc; path = THShopsViewController.m; sourceTree = "<group>"; };
		531824861938D58100AA1564 /* THGoodsViewController.h */ = {isa = PBXFileReference; fileEncoding = 4; lastKnownFileType = sourcecode.c.h; path = THGoodsViewController.h; sourceTree = "<group>"; };
		531824871938D58100AA1564 /* THGoodsViewController.m */ = {isa = PBXFileReference; fileEncoding = 4; lastKnownFileType = sourcecode.c.objc; path = THGoodsViewController.m; sourceTree = "<group>"; };
		531824891938D5AA00AA1564 /* THUploadGoodsViewController.h */ = {isa = PBXFileReference; fileEncoding = 4; lastKnownFileType = sourcecode.c.h; path = THUploadGoodsViewController.h; sourceTree = "<group>"; };
		5318248A1938D5AA00AA1564 /* THUploadGoodsViewController.m */ = {isa = PBXFileReference; fileEncoding = 4; lastKnownFileType = sourcecode.c.objc; path = THUploadGoodsViewController.m; sourceTree = "<group>"; };
		531DB2FF1948A21B00D12FE1 /* Product.h */ = {isa = PBXFileReference; fileEncoding = 4; lastKnownFileType = sourcecode.c.h; path = Product.h; sourceTree = "<group>"; };
		531DB3001948A21B00D12FE1 /* Product.m */ = {isa = PBXFileReference; fileEncoding = 4; lastKnownFileType = sourcecode.c.objc; path = Product.m; sourceTree = "<group>"; };
		531DB3021948A24500D12FE1 /* Orders.h */ = {isa = PBXFileReference; fileEncoding = 4; lastKnownFileType = sourcecode.c.h; path = Orders.h; sourceTree = "<group>"; };
		531DB3031948A24500D12FE1 /* Orders.m */ = {isa = PBXFileReference; fileEncoding = 4; lastKnownFileType = sourcecode.c.objc; path = Orders.m; sourceTree = "<group>"; };
		531DB3051948A8FF00D12FE1 /* Macro.h */ = {isa = PBXFileReference; fileEncoding = 4; lastKnownFileType = sourcecode.c.h; path = Macro.h; sourceTree = "<group>"; };
		531DB3061948BD5000D12FE1 /* THUISwitch.h */ = {isa = PBXFileReference; fileEncoding = 4; lastKnownFileType = sourcecode.c.h; path = THUISwitch.h; sourceTree = "<group>"; };
		531DB3071948BD5000D12FE1 /* THUISwitch.m */ = {isa = PBXFileReference; fileEncoding = 4; lastKnownFileType = sourcecode.c.objc; path = THUISwitch.m; sourceTree = "<group>"; };
		532D133E193F504100CC0399 /* THTableViewMenuCell.h */ = {isa = PBXFileReference; fileEncoding = 4; lastKnownFileType = sourcecode.c.h; path = THTableViewMenuCell.h; sourceTree = "<group>"; };
		532D133F193F504100CC0399 /* THTableViewMenuCell.m */ = {isa = PBXFileReference; fileEncoding = 4; lastKnownFileType = sourcecode.c.objc; path = THTableViewMenuCell.m; sourceTree = "<group>"; };
		532D1341193F50B300CC0399 /* THTableViewProductCell.h */ = {isa = PBXFileReference; fileEncoding = 4; lastKnownFileType = sourcecode.c.h; path = THTableViewProductCell.h; sourceTree = "<group>"; };
		532D1342193F50B300CC0399 /* THTableViewProductCell.m */ = {isa = PBXFileReference; fileEncoding = 4; lastKnownFileType = sourcecode.c.objc; path = THTableViewProductCell.m; sourceTree = "<group>"; };
		532D1344193F50C600CC0399 /* THTableViewDeliveryCell.h */ = {isa = PBXFileReference; fileEncoding = 4; lastKnownFileType = sourcecode.c.h; path = THTableViewDeliveryCell.h; sourceTree = "<group>"; };
		532D1345193F50C600CC0399 /* THTableViewDeliveryCell.m */ = {isa = PBXFileReference; fileEncoding = 4; lastKnownFileType = sourcecode.c.objc; path = THTableViewDeliveryCell.m; sourceTree = "<group>"; };
		532D1347193F50D900CC0399 /* THTableViewMarketCell.h */ = {isa = PBXFileReference; fileEncoding = 4; lastKnownFileType = sourcecode.c.h; path = THTableViewMarketCell.h; sourceTree = "<group>"; };
		532D1348193F50D900CC0399 /* THTableViewMarketCell.m */ = {isa = PBXFileReference; fileEncoding = 4; lastKnownFileType = sourcecode.c.objc; path = THTableViewMarketCell.m; sourceTree = "<group>"; };
		532D134A193F50E700CC0399 /* THTableViewShopCell.h */ = {isa = PBXFileReference; fileEncoding = 4; lastKnownFileType = sourcecode.c.h; path = THTableViewShopCell.h; sourceTree = "<group>"; };
		532D134B193F50E700CC0399 /* THTableViewShopCell.m */ = {isa = PBXFileReference; fileEncoding = 4; lastKnownFileType = sourcecode.c.objc; path = THTableViewShopCell.m; sourceTree = "<group>"; };
		532D134D193F50F900CC0399 /* THTableViewGoodCell.h */ = {isa = PBXFileReference; fileEncoding = 4; lastKnownFileType = sourcecode.c.h; path = THTableViewGoodCell.h; sourceTree = "<group>"; };
		532D134E193F50F900CC0399 /* THTableViewGoodCell.m */ = {isa = PBXFileReference; fileEncoding = 4; lastKnownFileType = sourcecode.c.objc; path = THTableViewGoodCell.m; sourceTree = "<group>"; };
		532D1350193F640600CC0399 /* THViewController.h */ = {isa = PBXFileReference; fileEncoding = 4; lastKnownFileType = sourcecode.c.h; path = THViewController.h; sourceTree = "<group>"; };
		532D1351193F640600CC0399 /* THViewController.m */ = {isa = PBXFileReference; fileEncoding = 4; lastKnownFileType = sourcecode.c.objc; path = THViewController.m; sourceTree = "<group>"; };
		532D60B51931DF2200537D4C /* THNetwork.h */ = {isa = PBXFileReference; fileEncoding = 4; lastKnownFileType = sourcecode.c.h; path = THNetwork.h; sourceTree = "<group>"; };
		532D60B61931DF2200537D4C /* THNetwork.m */ = {isa = PBXFileReference; fileEncoding = 4; lastKnownFileType = sourcecode.c.objc; path = THNetwork.m; sourceTree = "<group>"; };
		532D60B81931DF7600537D4C /* Config.xcconfig */ = {isa = PBXFileReference; fileEncoding = 4; lastKnownFileType = text.xcconfig; path = Config.xcconfig; sourceTree = "<group>"; };
		532D60BA1931DFD200537D4C /* Settings.plist */ = {isa = PBXFileReference; fileEncoding = 4; lastKnownFileType = text.plist.xml; path = Settings.plist; sourceTree = "<group>"; };
		532D60BC1931DFF900537D4C /* THSettings.h */ = {isa = PBXFileReference; fileEncoding = 4; lastKnownFileType = sourcecode.c.h; path = THSettings.h; sourceTree = "<group>"; };
		532D60BD1931DFF900537D4C /* THSettings.m */ = {isa = PBXFileReference; fileEncoding = 4; lastKnownFileType = sourcecode.c.objc; path = THSettings.m; sourceTree = "<group>"; };
		532D60C21931E0A800537D4C /* THAuthorizer.h */ = {isa = PBXFileReference; fileEncoding = 4; lastKnownFileType = sourcecode.c.h; path = THAuthorizer.h; sourceTree = "<group>"; };
		532D60C31931E0A800537D4C /* THAuthorizer.m */ = {isa = PBXFileReference; fileEncoding = 4; lastKnownFileType = sourcecode.c.objc; path = THAuthorizer.m; sourceTree = "<group>"; };
		532D60CF1932268900537D4C /* THAPI.h */ = {isa = PBXFileReference; fileEncoding = 4; lastKnownFileType = sourcecode.c.h; path = THAPI.h; sourceTree = "<group>"; };
		532D60D01932268900537D4C /* THAPI.m */ = {isa = PBXFileReference; fileEncoding = 4; lastKnownFileType = sourcecode.c.objc; path = THAPI.m; sourceTree = "<group>"; };
		532DC92F192ED83600C07757 /* TongHuo.app */ = {isa = PBXFileReference; explicitFileType = wrapper.application; includeInIndex = 0; path = TongHuo.app; sourceTree = BUILT_PRODUCTS_DIR; };
		532DC932192ED83600C07757 /* Foundation.framework */ = {isa = PBXFileReference; lastKnownFileType = wrapper.framework; name = Foundation.framework; path = System/Library/Frameworks/Foundation.framework; sourceTree = SDKROOT; };
		532DC934192ED83600C07757 /* CoreGraphics.framework */ = {isa = PBXFileReference; lastKnownFileType = wrapper.framework; name = CoreGraphics.framework; path = System/Library/Frameworks/CoreGraphics.framework; sourceTree = SDKROOT; };
		532DC936192ED83600C07757 /* UIKit.framework */ = {isa = PBXFileReference; lastKnownFileType = wrapper.framework; name = UIKit.framework; path = System/Library/Frameworks/UIKit.framework; sourceTree = SDKROOT; };
		532DC93A192ED83600C07757 /* TongHuo-Info.plist */ = {isa = PBXFileReference; lastKnownFileType = text.plist.xml; path = "TongHuo-Info.plist"; sourceTree = "<group>"; };
		532DC93C192ED83600C07757 /* en */ = {isa = PBXFileReference; lastKnownFileType = text.plist.strings; name = en; path = en.lproj/InfoPlist.strings; sourceTree = "<group>"; };
		532DC93E192ED83600C07757 /* main.m */ = {isa = PBXFileReference; lastKnownFileType = sourcecode.c.objc; path = main.m; sourceTree = "<group>"; };
		532DC940192ED83600C07757 /* TongHuo-Prefix.pch */ = {isa = PBXFileReference; lastKnownFileType = sourcecode.c.h; path = "TongHuo-Prefix.pch"; sourceTree = "<group>"; };
		532DC941192ED83600C07757 /* AppDelegate.h */ = {isa = PBXFileReference; lastKnownFileType = sourcecode.c.h; path = AppDelegate.h; sourceTree = "<group>"; };
		532DC942192ED83600C07757 /* AppDelegate.m */ = {isa = PBXFileReference; lastKnownFileType = sourcecode.c.objc; path = AppDelegate.m; sourceTree = "<group>"; };
		532DC944192ED83600C07757 /* Images.xcassets */ = {isa = PBXFileReference; lastKnownFileType = folder.assetcatalog; path = Images.xcassets; sourceTree = "<group>"; };
		532DC94A192ED83600C07757 /* TongHuoTests.xctest */ = {isa = PBXFileReference; explicitFileType = wrapper.cfbundle; includeInIndex = 0; path = TongHuoTests.xctest; sourceTree = BUILT_PRODUCTS_DIR; };
		532DC94B192ED83600C07757 /* XCTest.framework */ = {isa = PBXFileReference; lastKnownFileType = wrapper.framework; name = XCTest.framework; path = Library/Frameworks/XCTest.framework; sourceTree = DEVELOPER_DIR; };
		532DC953192ED83700C07757 /* TongHuoTests-Info.plist */ = {isa = PBXFileReference; lastKnownFileType = text.plist.xml; path = "TongHuoTests-Info.plist"; sourceTree = "<group>"; };
		532DC955192ED83700C07757 /* en */ = {isa = PBXFileReference; lastKnownFileType = text.plist.strings; name = en; path = en.lproj/InfoPlist.strings; sourceTree = "<group>"; };
		532DC957192ED83700C07757 /* TongHuoTests.m */ = {isa = PBXFileReference; lastKnownFileType = sourcecode.c.objc; path = TongHuoTests.m; sourceTree = "<group>"; };
		537F7B691942D93500CE1703 /* Account+Access.h */ = {isa = PBXFileReference; fileEncoding = 4; lastKnownFileType = sourcecode.c.h; path = "Account+Access.h"; sourceTree = "<group>"; };
		537F7B6A1942D93500CE1703 /* Account+Access.m */ = {isa = PBXFileReference; fileEncoding = 4; lastKnownFileType = sourcecode.c.objc; path = "Account+Access.m"; sourceTree = "<group>"; };
		537F7B6C1942D94700CE1703 /* Goods+Access.h */ = {isa = PBXFileReference; fileEncoding = 4; lastKnownFileType = sourcecode.c.h; path = "Goods+Access.h"; sourceTree = "<group>"; };
		537F7B6D1942D94700CE1703 /* Goods+Access.m */ = {isa = PBXFileReference; fileEncoding = 4; lastKnownFileType = sourcecode.c.objc; path = "Goods+Access.m"; sourceTree = "<group>"; };
		537F7B6F1942D95900CE1703 /* Markets+Access.h */ = {isa = PBXFileReference; fileEncoding = 4; lastKnownFileType = sourcecode.c.h; path = "Markets+Access.h"; sourceTree = "<group>"; };
		537F7B701942D95900CE1703 /* Markets+Access.m */ = {isa = PBXFileReference; fileEncoding = 4; lastKnownFileType = sourcecode.c.objc; path = "Markets+Access.m"; sourceTree = "<group>"; };
		537F7B721942D96A00CE1703 /* Orders+Access.h */ = {isa = PBXFileReference; fileEncoding = 4; lastKnownFileType = sourcecode.c.h; path = "Orders+Access.h"; sourceTree = "<group>"; };
		537F7B731942D96A00CE1703 /* Orders+Access.m */ = {isa = PBXFileReference; fileEncoding = 4; lastKnownFileType = sourcecode.c.objc; path = "Orders+Access.m"; sourceTree = "<group>"; };
		537F7B751942D98800CE1703 /* Platforms+Access.h */ = {isa = PBXFileReference; fileEncoding = 4; lastKnownFileType = sourcecode.c.h; path = "Platforms+Access.h"; sourceTree = "<group>"; };
		537F7B761942D98800CE1703 /* Platforms+Access.m */ = {isa = PBXFileReference; fileEncoding = 4; lastKnownFileType = sourcecode.c.objc; path = "Platforms+Access.m"; sourceTree = "<group>"; };
		537F7B781942D99C00CE1703 /* Sellers+Access.h */ = {isa = PBXFileReference; fileEncoding = 4; lastKnownFileType = sourcecode.c.h; path = "Sellers+Access.h"; sourceTree = "<group>"; };
		537F7B791942D99C00CE1703 /* Sellers+Access.m */ = {isa = PBXFileReference; fileEncoding = 4; lastKnownFileType = sourcecode.c.objc; path = "Sellers+Access.m"; sourceTree = "<group>"; };
		537F7B7B1942D9AC00CE1703 /* Shops+Access.h */ = {isa = PBXFileReference; fileEncoding = 4; lastKnownFileType = sourcecode.c.h; path = "Shops+Access.h"; sourceTree = "<group>"; };
		537F7B7C1942D9AC00CE1703 /* Shops+Access.m */ = {isa = PBXFileReference; fileEncoding = 4; lastKnownFileType = sourcecode.c.objc; path = "Shops+Access.m"; sourceTree = "<group>"; };
		53AA3D5F19387E1400D9C35B /* Account.h */ = {isa = PBXFileReference; fileEncoding = 4; lastKnownFileType = sourcecode.c.h; path = Account.h; sourceTree = "<group>"; };
		53AA3D6019387E1400D9C35B /* Account.m */ = {isa = PBXFileReference; fileEncoding = 4; lastKnownFileType = sourcecode.c.objc; path = Account.m; sourceTree = "<group>"; };
		53AA3D6219387E1400D9C35B /* Goods.h */ = {isa = PBXFileReference; fileEncoding = 4; lastKnownFileType = sourcecode.c.h; path = Goods.h; sourceTree = "<group>"; };
		53AA3D6319387E1400D9C35B /* Goods.m */ = {isa = PBXFileReference; fileEncoding = 4; lastKnownFileType = sourcecode.c.objc; path = Goods.m; sourceTree = "<group>"; };
		53AA3D6519387E1400D9C35B /* Markets.h */ = {isa = PBXFileReference; fileEncoding = 4; lastKnownFileType = sourcecode.c.h; path = Markets.h; sourceTree = "<group>"; };
		53AA3D6619387E1400D9C35B /* Markets.m */ = {isa = PBXFileReference; fileEncoding = 4; lastKnownFileType = sourcecode.c.objc; path = Markets.m; sourceTree = "<group>"; };
		53AA3D6B19387E1400D9C35B /* Platforms.h */ = {isa = PBXFileReference; fileEncoding = 4; lastKnownFileType = sourcecode.c.h; path = Platforms.h; sourceTree = "<group>"; };
		53AA3D6C19387E1400D9C35B /* Platforms.m */ = {isa = PBXFileReference; fileEncoding = 4; lastKnownFileType = sourcecode.c.objc; path = Platforms.m; sourceTree = "<group>"; };
		53AA3D6E19387E1400D9C35B /* Sellers.h */ = {isa = PBXFileReference; fileEncoding = 4; lastKnownFileType = sourcecode.c.h; path = Sellers.h; sourceTree = "<group>"; };
		53AA3D6F19387E1400D9C35B /* Sellers.m */ = {isa = PBXFileReference; fileEncoding = 4; lastKnownFileType = sourcecode.c.objc; path = Sellers.m; sourceTree = "<group>"; };
		53AA3D7119387E1400D9C35B /* Shops.h */ = {isa = PBXFileReference; fileEncoding = 4; lastKnownFileType = sourcecode.c.h; path = Shops.h; sourceTree = "<group>"; };
		53AA3D7219387E1400D9C35B /* Shops.m */ = {isa = PBXFileReference; fileEncoding = 4; lastKnownFileType = sourcecode.c.objc; path = Shops.m; sourceTree = "<group>"; };
		57CCC640F1E5454F91A13A04 /* libPods-TongHuoTests.a */ = {isa = PBXFileReference; explicitFileType = archive.ar; includeInIndex = 0; path = "libPods-TongHuoTests.a"; sourceTree = BUILT_PRODUCTS_DIR; };
		8F26962D080247409958FBBD /* libPods-TongHuo.a */ = {isa = PBXFileReference; explicitFileType = archive.ar; includeInIndex = 0; path = "libPods-TongHuo.a"; sourceTree = BUILT_PRODUCTS_DIR; };
		9995BA8C9E78466BB9DCC872 /* Pods-TongHuo.xcconfig */ = {isa = PBXFileReference; includeInIndex = 1; lastKnownFileType = text.xcconfig; name = "Pods-TongHuo.xcconfig"; path = "Pods/Pods-TongHuo.xcconfig"; sourceTree = "<group>"; };
		FFD4C48BC2FE4B00A5A9889A /* Pods-TongHuoTests.xcconfig */ = {isa = PBXFileReference; includeInIndex = 1; lastKnownFileType = text.xcconfig; name = "Pods-TongHuoTests.xcconfig"; path = "Pods/Pods-TongHuoTests.xcconfig"; sourceTree = "<group>"; };
/* End PBXFileReference section */

/* Begin PBXFrameworksBuildPhase section */
		532DC92C192ED83600C07757 /* Frameworks */ = {
			isa = PBXFrameworksBuildPhase;
			buildActionMask = 2147483647;
			files = (
				530FC10119421678007B55F2 /* QuartzCore.framework in Frameworks */,
				532DC935192ED83600C07757 /* CoreGraphics.framework in Frameworks */,
				532DC937192ED83600C07757 /* UIKit.framework in Frameworks */,
				532DC933192ED83600C07757 /* Foundation.framework in Frameworks */,
				DEB449EFB0ED4794A5608AED /* libPods-TongHuo.a in Frameworks */,
			);
			runOnlyForDeploymentPostprocessing = 0;
		};
		532DC947192ED83600C07757 /* Frameworks */ = {
			isa = PBXFrameworksBuildPhase;
			buildActionMask = 2147483647;
			files = (
				532DC94C192ED83700C07757 /* XCTest.framework in Frameworks */,
				532DC94E192ED83700C07757 /* UIKit.framework in Frameworks */,
				532DC94D192ED83700C07757 /* Foundation.framework in Frameworks */,
				DED4762164AD4A74A010EABD /* libPods-TongHuoTests.a in Frameworks */,
			);
			runOnlyForDeploymentPostprocessing = 0;
		};
/* End PBXFrameworksBuildPhase section */

/* Begin PBXGroup section */
		530FC0F31941F1C5007B55F2 /* General */ = {
			isa = PBXGroup;
			children = (
				530FC0F41941F1C5007B55F2 /* Category */,
				530FC0F51941F1C5007B55F2 /* Components */,
			);
			path = General;
			sourceTree = "<group>";
		};
		530FC0F41941F1C5007B55F2 /* Category */ = {
			isa = PBXGroup;
			children = (
				530FC0F61941F1F3007B55F2 /* UINavigationBar+statusBarColor.h */,
				530FC0F71941F1F3007B55F2 /* UINavigationBar+statusBarColor.m */,
			);
			path = Category;
			sourceTree = "<group>";
		};
		530FC0F51941F1C5007B55F2 /* Components */ = {
			isa = PBXGroup;
			children = (
				531DB3061948BD5000D12FE1 /* THUISwitch.h */,
				531DB3071948BD5000D12FE1 /* THUISwitch.m */,
			);
			path = Components;
			sourceTree = "<group>";
		};
		530FC0F919421259007B55F2 /* Helper */ = {
			isa = PBXGroup;
			children = (
				530FC0FD19421286007B55F2 /* THHelper.h */,
				530FC0FE19421286007B55F2 /* THHelper.m */,
			);
			path = Helper;
			sourceTree = "<group>";
		};
		530FC0FA19421266007B55F2 /* Audio */ = {
			isa = PBXGroup;
			children = (
				530FC0FB19421266007B55F2 /* shake.wav */,
			);
			path = Audio;
			sourceTree = "<group>";
		};
		5316113C1944A5F200414567 /* Product */ = {
			isa = PBXGroup;
			children = (
				531DB2FF1948A21B00D12FE1 /* Product.h */,
				531DB3001948A21B00D12FE1 /* Product.m */,
				531611401944A61000414567 /* Product+Access.h */,
				531611411944A61000414567 /* Product+Access.m */,
			);
			path = Product;
			sourceTree = "<group>";
		};
		531824611938D3E700AA1564 /* Common */ = {
			isa = PBXGroup;
			children = (
				532D133D193F4FE100CC0399 /* TableViewCell */,
				5318246B1938D4B600AA1564 /* THNavigationController.h */,
				5318246C1938D4B600AA1564 /* THNavigationController.m */,
				532D1350193F640600CC0399 /* THViewController.h */,
				532D1351193F640600CC0399 /* THViewController.m */,
			);
			path = Common;
			sourceTree = "<group>";
		};
		531824621938D3E700AA1564 /* Delivery */ = {
			isa = PBXGroup;
			children = (
				5318246E1938D4E700AA1564 /* THDeliveriesViewController.h */,
				5318246F1938D4E700AA1564 /* THDeliveriesViewController.m */,
			);
			path = Delivery;
			sourceTree = "<group>";
		};
		531824631938D3E700AA1564 /* Logout */ = {
			isa = PBXGroup;
			children = (
			);
			path = Logout;
			sourceTree = "<group>";
		};
		531824641938D3E700AA1564 /* Order */ = {
			isa = PBXGroup;
			children = (
				531824741938D50900AA1564 /* THProductsViewController.h */,
				531824751938D50900AA1564 /* THProductsViewController.m */,
			);
			path = Order;
			sourceTree = "<group>";
		};
		531824651938D3E700AA1564 /* QRCode */ = {
			isa = PBXGroup;
			children = (
				531824771938D51900AA1564 /* THQRCodeViewController.h */,
				531824781938D51900AA1564 /* THQRCodeViewController.m */,
			);
			path = QRCode;
			sourceTree = "<group>";
		};
		531824661938D3E700AA1564 /* Shake */ = {
			isa = PBXGroup;
			children = (
				5318247A1938D53600AA1564 /* THJackpotViewController.h */,
				5318247B1938D53600AA1564 /* THJackpotViewController.m */,
			);
			path = Shake;
			sourceTree = "<group>";
		};
		531824671938D3E700AA1564 /* Share */ = {
			isa = PBXGroup;
			children = (
			);
			path = Share;
			sourceTree = "<group>";
		};
		531824681938D3E700AA1564 /* SignIn */ = {
			isa = PBXGroup;
			children = (
				5318247D1938D55900AA1564 /* THSignInViewController.h */,
				5318247E1938D55900AA1564 /* THSignInViewController.m */,
			);
			path = SignIn;
			sourceTree = "<group>";
		};
		531824691938D3E700AA1564 /* Upload */ = {
			isa = PBXGroup;
			children = (
				531824801938D56900AA1564 /* THMarketsViewController.h */,
				531824811938D56900AA1564 /* THMarketsViewController.m */,
				531824831938D57500AA1564 /* THShopsViewController.h */,
				531824841938D57500AA1564 /* THShopsViewController.m */,
				531824861938D58100AA1564 /* THGoodsViewController.h */,
				531824871938D58100AA1564 /* THGoodsViewController.m */,
				531824891938D5AA00AA1564 /* THUploadGoodsViewController.h */,
				5318248A1938D5AA00AA1564 /* THUploadGoodsViewController.m */,
			);
			path = Upload;
			sourceTree = "<group>";
		};
		5318246A1938D41400AA1564 /* Menu */ = {
			isa = PBXGroup;
			children = (
				531824711938D4F900AA1564 /* THMenuViewController.h */,
				531824721938D4F900AA1564 /* THMenuViewController.m */,
			);
			path = Menu;
			sourceTree = "<group>";
		};
		532D133D193F4FE100CC0399 /* TableViewCell */ = {
			isa = PBXGroup;
			children = (
				532D133E193F504100CC0399 /* THTableViewMenuCell.h */,
				532D133F193F504100CC0399 /* THTableViewMenuCell.m */,
				532D1341193F50B300CC0399 /* THTableViewProductCell.h */,
				532D1342193F50B300CC0399 /* THTableViewProductCell.m */,
				532D1344193F50C600CC0399 /* THTableViewDeliveryCell.h */,
				532D1345193F50C600CC0399 /* THTableViewDeliveryCell.m */,
				532D1347193F50D900CC0399 /* THTableViewMarketCell.h */,
				532D1348193F50D900CC0399 /* THTableViewMarketCell.m */,
				532D134A193F50E700CC0399 /* THTableViewShopCell.h */,
				532D134B193F50E700CC0399 /* THTableViewShopCell.m */,
				532D134D193F50F900CC0399 /* THTableViewGoodCell.h */,
				532D134E193F50F900CC0399 /* THTableViewGoodCell.m */,
			);
			path = TableViewCell;
			sourceTree = "<group>";
		};
		532D60AA1931DCD700537D4C /* Authorization */ = {
			isa = PBXGroup;
			children = (
				532D60C21931E0A800537D4C /* THAuthorizer.h */,
				532D60C31931E0A800537D4C /* THAuthorizer.m */,
			);
			path = Authorization;
			sourceTree = "<group>";
		};
		532D60AB1931DCD700537D4C /* Configuration */ = {
			isa = PBXGroup;
			children = (
				532D60B81931DF7600537D4C /* Config.xcconfig */,
				532D60BA1931DFD200537D4C /* Settings.plist */,
				532D60BC1931DFF900537D4C /* THSettings.h */,
				532D60BD1931DFF900537D4C /* THSettings.m */,
				53161136194482E500414567 /* THConfigration.h */,
				53161137194482E500414567 /* THConfigration.m */,
			);
			path = Configuration;
			sourceTree = "<group>";
		};
		532D60AC1931DCD700537D4C /* Model */ = {
			isa = PBXGroup;
			children = (
				53AA3D5E19387E1400D9C35B /* Account */,
				53AA3D6119387E1400D9C35B /* Goods */,
				53AA3D6419387E1400D9C35B /* Market */,
				53097FB91934BD0A00589393 /* Model.xcdatamodeld */,
				53AA3D6719387E1400D9C35B /* Orders */,
				53AA3D6A19387E1400D9C35B /* Platform */,
				5316113C1944A5F200414567 /* Product */,
				53AA3D6D19387E1400D9C35B /* Sellers */,
				53AA3D7019387E1400D9C35B /* Shops */,
			);
			path = Model;
			sourceTree = "<group>";
		};
		532D60AD1931DCD700537D4C /* Network */ = {
			isa = PBXGroup;
			children = (
				532D60CE1931FAE900537D4C /* TongHuo-API */,
				532D60B51931DF2200537D4C /* THNetwork.h */,
				532D60B61931DF2200537D4C /* THNetwork.m */,
			);
			path = Network;
			sourceTree = "<group>";
		};
		532D60AE1931DCD700537D4C /* Synchronization */ = {
			isa = PBXGroup;
			children = (
			);
			path = Synchronization;
			sourceTree = "<group>";
		};
		532D60AF1931DCD700537D4C /* UserInterface */ = {
			isa = PBXGroup;
			children = (
				530FC0F31941F1C5007B55F2 /* General */,
				532D60B01931DCD700537D4C /* iPhone */,
				532D60B21931DCD700537D4C /* ViewModel */,
			);
			path = UserInterface;
			sourceTree = "<group>";
		};
		532D60B01931DCD700537D4C /* iPhone */ = {
			isa = PBXGroup;
			children = (
				531824611938D3E700AA1564 /* Common */,
				531824621938D3E700AA1564 /* Delivery */,
				531824631938D3E700AA1564 /* Logout */,
				5318246A1938D41400AA1564 /* Menu */,
				531824641938D3E700AA1564 /* Order */,
				531824651938D3E700AA1564 /* QRCode */,
				531824661938D3E700AA1564 /* Shake */,
				531824671938D3E700AA1564 /* Share */,
				531824681938D3E700AA1564 /* SignIn */,
				531824691938D3E700AA1564 /* Upload */,
			);
			path = iPhone;
			sourceTree = "<group>";
		};
		532D60B21931DCD700537D4C /* ViewModel */ = {
			isa = PBXGroup;
			children = (
				531824491938C77F00AA1564 /* SignInViewModel.h */,
				5318244A1938C77F00AA1564 /* SignInViewModel.m */,
				5306D003193E048C005BD52E /* MenuViewModel.h */,
				5306D004193E048C005BD52E /* MenuViewModel.m */,
				5318244C1938C90900AA1564 /* ProductsViewModel.h */,
				5318244D1938C90900AA1564 /* ProductsViewModel.m */,
				5318244F1938C98D00AA1564 /* DeliveriesViewModel.h */,
				531824501938C98D00AA1564 /* DeliveriesViewModel.m */,
				531824521938C9C300AA1564 /* MarketsViewModel.h */,
				531824531938C9C300AA1564 /* MarketsViewModel.m */,
				531824551938C9DB00AA1564 /* ShopsViewModel.h */,
				531824561938C9DB00AA1564 /* ShopsViewModel.m */,
				531824581938C9F500AA1564 /* GoodsViewModel.h */,
				531824591938C9F500AA1564 /* GoodsViewModel.m */,
				5318245B1938CA1500AA1564 /* UploadViewModel.h */,
				5318245C1938CA1500AA1564 /* UploadViewModel.m */,
				5318245E1938CAA600AA1564 /* JackpotViewModel.h */,
				5318245F1938CAA600AA1564 /* JackpotViewModel.m */,
				5306D006193E08AC005BD52E /* THBasicViewModel.h */,
				5306D007193E08AC005BD52E /* THBasicViewModel.m */,
				530FC1021942AEC5007B55F2 /* QRCodeViewModel.h */,
				530FC1031942AEC5007B55F2 /* QRCodeViewModel.m */,
			);
			path = ViewModel;
			sourceTree = "<group>";
		};
		532D60B31931DEC000537D4C /* Resources */ = {
			isa = PBXGroup;
			children = (
				530FC0FA19421266007B55F2 /* Audio */,
			);
			path = Resources;
			sourceTree = "<group>";
		};
		532D60CE1931FAE900537D4C /* TongHuo-API */ = {
			isa = PBXGroup;
			children = (
				532D60CF1932268900537D4C /* THAPI.h */,
				532D60D01932268900537D4C /* THAPI.m */,
			);
			path = "TongHuo-API";
			sourceTree = "<group>";
		};
		532DC926192ED83600C07757 = {
			isa = PBXGroup;
			children = (
				532DC938192ED83600C07757 /* TongHuo */,
				532DC951192ED83700C07757 /* TongHuoTests */,
				532DC931192ED83600C07757 /* Frameworks */,
				532DC930192ED83600C07757 /* Products */,
				9995BA8C9E78466BB9DCC872 /* Pods-TongHuo.xcconfig */,
				FFD4C48BC2FE4B00A5A9889A /* Pods-TongHuoTests.xcconfig */,
			);
			sourceTree = "<group>";
		};
		532DC930192ED83600C07757 /* Products */ = {
			isa = PBXGroup;
			children = (
				532DC92F192ED83600C07757 /* TongHuo.app */,
				532DC94A192ED83600C07757 /* TongHuoTests.xctest */,
			);
			name = Products;
			sourceTree = "<group>";
		};
		532DC931192ED83600C07757 /* Frameworks */ = {
			isa = PBXGroup;
			children = (
				530FC10019421678007B55F2 /* QuartzCore.framework */,
				532DC932192ED83600C07757 /* Foundation.framework */,
				532DC934192ED83600C07757 /* CoreGraphics.framework */,
				532DC936192ED83600C07757 /* UIKit.framework */,
				532DC94B192ED83600C07757 /* XCTest.framework */,
				8F26962D080247409958FBBD /* libPods-TongHuo.a */,
				57CCC640F1E5454F91A13A04 /* libPods-TongHuoTests.a */,
			);
			name = Frameworks;
			sourceTree = "<group>";
		};
		532DC938192ED83600C07757 /* TongHuo */ = {
			isa = PBXGroup;
			children = (
				537F7AC61942C7C900CE1703 /* Extern */,
				532DC941192ED83600C07757 /* AppDelegate.h */,
				532DC942192ED83600C07757 /* AppDelegate.m */,
				5306D000193DFECF005BD52E /* THCoreDataStack.h */,
				5306D001193DFECF005BD52E /* THCoreDataStack.m */,
				532D60AA1931DCD700537D4C /* Authorization */,
				532D60AB1931DCD700537D4C /* Configuration */,
				530FC0F919421259007B55F2 /* Helper */,
				532DC944192ED83600C07757 /* Images.xcassets */,
				532D60AC1931DCD700537D4C /* Model */,
				532D60AD1931DCD700537D4C /* Network */,
				532D60B31931DEC000537D4C /* Resources */,
				532DC939192ED83600C07757 /* Supporting Files */,
				532D60AE1931DCD700537D4C /* Synchronization */,
				532D60AF1931DCD700537D4C /* UserInterface */,
			);
			path = TongHuo;
			sourceTree = "<group>";
		};
		532DC939192ED83600C07757 /* Supporting Files */ = {
			isa = PBXGroup;
			children = (
				532DC93A192ED83600C07757 /* TongHuo-Info.plist */,
				532DC93B192ED83600C07757 /* InfoPlist.strings */,
				532DC93E192ED83600C07757 /* main.m */,
				532DC940192ED83600C07757 /* TongHuo-Prefix.pch */,
				531DB3051948A8FF00D12FE1 /* Macro.h */,
			);
			name = "Supporting Files";
			sourceTree = "<group>";
		};
		532DC951192ED83700C07757 /* TongHuoTests */ = {
			isa = PBXGroup;
			children = (
				532DC957192ED83700C07757 /* TongHuoTests.m */,
				532DC952192ED83700C07757 /* Supporting Files */,
			);
			path = TongHuoTests;
			sourceTree = "<group>";
		};
		532DC952192ED83700C07757 /* Supporting Files */ = {
			isa = PBXGroup;
			children = (
				532DC953192ED83700C07757 /* TongHuoTests-Info.plist */,
				532DC954192ED83700C07757 /* InfoPlist.strings */,
			);
			name = "Supporting Files";
			sourceTree = "<group>";
		};
		537F7AC61942C7C900CE1703 /* Extern */ = {
			isa = PBXGroup;
			children = (
			);
			path = Extern;
			sourceTree = "<group>";
		};
		53AA3D5E19387E1400D9C35B /* Account */ = {
			isa = PBXGroup;
			children = (
				53AA3D5F19387E1400D9C35B /* Account.h */,
				53AA3D6019387E1400D9C35B /* Account.m */,
				537F7B691942D93500CE1703 /* Account+Access.h */,
				537F7B6A1942D93500CE1703 /* Account+Access.m */,
			);
			path = Account;
			sourceTree = "<group>";
		};
		53AA3D6119387E1400D9C35B /* Goods */ = {
			isa = PBXGroup;
			children = (
				53AA3D6219387E1400D9C35B /* Goods.h */,
				53AA3D6319387E1400D9C35B /* Goods.m */,
				537F7B6C1942D94700CE1703 /* Goods+Access.h */,
				537F7B6D1942D94700CE1703 /* Goods+Access.m */,
			);
			path = Goods;
			sourceTree = "<group>";
		};
		53AA3D6419387E1400D9C35B /* Market */ = {
			isa = PBXGroup;
			children = (
				53AA3D6519387E1400D9C35B /* Markets.h */,
				53AA3D6619387E1400D9C35B /* Markets.m */,
				537F7B6F1942D95900CE1703 /* Markets+Access.h */,
				537F7B701942D95900CE1703 /* Markets+Access.m */,
			);
			path = Market;
			sourceTree = "<group>";
		};
		53AA3D6719387E1400D9C35B /* Orders */ = {
			isa = PBXGroup;
			children = (
				531DB3021948A24500D12FE1 /* Orders.h */,
				531DB3031948A24500D12FE1 /* Orders.m */,
				537F7B721942D96A00CE1703 /* Orders+Access.h */,
				537F7B731942D96A00CE1703 /* Orders+Access.m */,
			);
			path = Orders;
			sourceTree = "<group>";
		};
		53AA3D6A19387E1400D9C35B /* Platform */ = {
			isa = PBXGroup;
			children = (
				53AA3D6B19387E1400D9C35B /* Platforms.h */,
				53AA3D6C19387E1400D9C35B /* Platforms.m */,
				537F7B751942D98800CE1703 /* Platforms+Access.h */,
				537F7B761942D98800CE1703 /* Platforms+Access.m */,
			);
			path = Platform;
			sourceTree = "<group>";
		};
		53AA3D6D19387E1400D9C35B /* Sellers */ = {
			isa = PBXGroup;
			children = (
				53AA3D6E19387E1400D9C35B /* Sellers.h */,
				53AA3D6F19387E1400D9C35B /* Sellers.m */,
				537F7B781942D99C00CE1703 /* Sellers+Access.h */,
				537F7B791942D99C00CE1703 /* Sellers+Access.m */,
			);
			path = Sellers;
			sourceTree = "<group>";
		};
		53AA3D7019387E1400D9C35B /* Shops */ = {
			isa = PBXGroup;
			children = (
				53AA3D7119387E1400D9C35B /* Shops.h */,
				53AA3D7219387E1400D9C35B /* Shops.m */,
				537F7B7B1942D9AC00CE1703 /* Shops+Access.h */,
				537F7B7C1942D9AC00CE1703 /* Shops+Access.m */,
			);
			path = Shops;
			sourceTree = "<group>";
		};
/* End PBXGroup section */

/* Begin PBXNativeTarget section */
		532DC92E192ED83600C07757 /* TongHuo */ = {
			isa = PBXNativeTarget;
			buildConfigurationList = 532DC95B192ED83700C07757 /* Build configuration list for PBXNativeTarget "TongHuo" */;
			buildPhases = (
				2E2034DA308D425FA0C2EE6E /* Check Pods Manifest.lock */,
				532DC92B192ED83600C07757 /* Sources */,
				532DC92C192ED83600C07757 /* Frameworks */,
				532DC92D192ED83600C07757 /* Resources */,
				63F7F26173D445E6BE4BAF37 /* Copy Pods Resources */,
			);
			buildRules = (
			);
			dependencies = (
			);
			name = TongHuo;
			productName = TongHuo;
			productReference = 532DC92F192ED83600C07757 /* TongHuo.app */;
			productType = "com.apple.product-type.application";
		};
		532DC949192ED83600C07757 /* TongHuoTests */ = {
			isa = PBXNativeTarget;
			buildConfigurationList = 532DC95E192ED83700C07757 /* Build configuration list for PBXNativeTarget "TongHuoTests" */;
			buildPhases = (
				DE1BB9A83ECF4E789683C4CC /* Check Pods Manifest.lock */,
				532DC946192ED83600C07757 /* Sources */,
				532DC947192ED83600C07757 /* Frameworks */,
				532DC948192ED83600C07757 /* Resources */,
				C0D2A61F8E374FDF9528EE55 /* Copy Pods Resources */,
			);
			buildRules = (
			);
			dependencies = (
				532DC950192ED83700C07757 /* PBXTargetDependency */,
			);
			name = TongHuoTests;
			productName = TongHuoTests;
			productReference = 532DC94A192ED83600C07757 /* TongHuoTests.xctest */;
			productType = "com.apple.product-type.bundle.unit-test";
		};
/* End PBXNativeTarget section */

/* Begin PBXProject section */
		532DC927192ED83600C07757 /* Project object */ = {
			isa = PBXProject;
			attributes = {
				LastUpgradeCheck = 0510;
				ORGANIZATIONNAME = 59pi;
				TargetAttributes = {
					532DC92E192ED83600C07757 = {
						DevelopmentTeam = 9RF2YHXSY2;
					};
					532DC949192ED83600C07757 = {
						TestTargetID = 532DC92E192ED83600C07757;
					};
				};
			};
			buildConfigurationList = 532DC92A192ED83600C07757 /* Build configuration list for PBXProject "TongHuo" */;
			compatibilityVersion = "Xcode 3.2";
			developmentRegion = English;
			hasScannedForEncodings = 0;
			knownRegions = (
				en,
			);
			mainGroup = 532DC926192ED83600C07757;
			productRefGroup = 532DC930192ED83600C07757 /* Products */;
			projectDirPath = "";
			projectRoot = "";
			targets = (
				532DC92E192ED83600C07757 /* TongHuo */,
				532DC949192ED83600C07757 /* TongHuoTests */,
			);
		};
/* End PBXProject section */

/* Begin PBXResourcesBuildPhase section */
		532DC92D192ED83600C07757 /* Resources */ = {
			isa = PBXResourcesBuildPhase;
			buildActionMask = 2147483647;
			files = (
				532DC93D192ED83600C07757 /* InfoPlist.strings in Resources */,
				532D60BB1931DFD200537D4C /* Settings.plist in Resources */,
				532D60B91931DF7600537D4C /* Config.xcconfig in Resources */,
				530FC0FC19421266007B55F2 /* shake.wav in Resources */,
				532DC945192ED83600C07757 /* Images.xcassets in Resources */,
			);
			runOnlyForDeploymentPostprocessing = 0;
		};
		532DC948192ED83600C07757 /* Resources */ = {
			isa = PBXResourcesBuildPhase;
			buildActionMask = 2147483647;
			files = (
				532DC956192ED83700C07757 /* InfoPlist.strings in Resources */,
			);
			runOnlyForDeploymentPostprocessing = 0;
		};
/* End PBXResourcesBuildPhase section */

/* Begin PBXShellScriptBuildPhase section */
		2E2034DA308D425FA0C2EE6E /* Check Pods Manifest.lock */ = {
			isa = PBXShellScriptBuildPhase;
			buildActionMask = 2147483647;
			files = (
			);
			inputPaths = (
			);
			name = "Check Pods Manifest.lock";
			outputPaths = (
			);
			runOnlyForDeploymentPostprocessing = 0;
			shellPath = /bin/sh;
			shellScript = "diff \"${PODS_ROOT}/../Podfile.lock\" \"${PODS_ROOT}/Manifest.lock\" > /dev/null\nif [[ $? != 0 ]] ; then\n    cat << EOM\nerror: The sandbox is not in sync with the Podfile.lock. Run 'pod install' or update your CocoaPods installation.\nEOM\n    exit 1\nfi\n";
			showEnvVarsInLog = 0;
		};
		63F7F26173D445E6BE4BAF37 /* Copy Pods Resources */ = {
			isa = PBXShellScriptBuildPhase;
			buildActionMask = 2147483647;
			files = (
			);
			inputPaths = (
			);
			name = "Copy Pods Resources";
			outputPaths = (
			);
			runOnlyForDeploymentPostprocessing = 0;
			shellPath = /bin/sh;
			shellScript = "\"${SRCROOT}/Pods/Pods-TongHuo-resources.sh\"\n";
			showEnvVarsInLog = 0;
		};
		C0D2A61F8E374FDF9528EE55 /* Copy Pods Resources */ = {
			isa = PBXShellScriptBuildPhase;
			buildActionMask = 2147483647;
			files = (
			);
			inputPaths = (
			);
			name = "Copy Pods Resources";
			outputPaths = (
			);
			runOnlyForDeploymentPostprocessing = 0;
			shellPath = /bin/sh;
			shellScript = "\"${SRCROOT}/Pods/Pods-TongHuoTests-resources.sh\"\n";
			showEnvVarsInLog = 0;
		};
		DE1BB9A83ECF4E789683C4CC /* Check Pods Manifest.lock */ = {
			isa = PBXShellScriptBuildPhase;
			buildActionMask = 2147483647;
			files = (
			);
			inputPaths = (
			);
			name = "Check Pods Manifest.lock";
			outputPaths = (
			);
			runOnlyForDeploymentPostprocessing = 0;
			shellPath = /bin/sh;
			shellScript = "diff \"${PODS_ROOT}/../Podfile.lock\" \"${PODS_ROOT}/Manifest.lock\" > /dev/null\nif [[ $? != 0 ]] ; then\n    cat << EOM\nerror: The sandbox is not in sync with the Podfile.lock. Run 'pod install' or update your CocoaPods installation.\nEOM\n    exit 1\nfi\n";
			showEnvVarsInLog = 0;
		};
/* End PBXShellScriptBuildPhase section */

/* Begin PBXSourcesBuildPhase section */
		532DC92B192ED83600C07757 /* Sources */ = {
			isa = PBXSourcesBuildPhase;
			buildActionMask = 2147483647;
			files = (
				537F7B741942D96A00CE1703 /* Orders+Access.m in Sources */,
				532D60D11932268900537D4C /* THAPI.m in Sources */,
				53161138194482E500414567 /* THConfigration.m in Sources */,
				53AA3D7319387E1400D9C35B /* Account.m in Sources */,
				537F7B6E1942D94700CE1703 /* Goods+Access.m in Sources */,
				5306D005193E048C005BD52E /* MenuViewModel.m in Sources */,
				531824731938D4F900AA1564 /* THMenuViewController.m in Sources */,
				537F7B7D1942D9AC00CE1703 /* Shops+Access.m in Sources */,
				5318245D1938CA1500AA1564 /* UploadViewModel.m in Sources */,
				532D1340193F504100CC0399 /* THTableViewMenuCell.m in Sources */,
				5318248B1938D5AA00AA1564 /* THUploadGoodsViewController.m in Sources */,
				532D60BE1931DFF900537D4C /* THSettings.m in Sources */,
				531824791938D51900AA1564 /* THQRCodeViewController.m in Sources */,
				537F7B711942D95900CE1703 /* Markets+Access.m in Sources */,
				530FC0F81941F1F3007B55F2 /* UINavigationBar+statusBarColor.m in Sources */,
				532DC943192ED83600C07757 /* AppDelegate.m in Sources */,
				531824821938D56900AA1564 /* THMarketsViewController.m in Sources */,
				531824881938D58100AA1564 /* THGoodsViewController.m in Sources */,
				531824761938D50900AA1564 /* THProductsViewController.m in Sources */,
				532D134C193F50E700CC0399 /* THTableViewShopCell.m in Sources */,
				531824851938D57500AA1564 /* THShopsViewController.m in Sources */,
				53AA3D7819387E1400D9C35B /* Sellers.m in Sources */,
				53097FBB1934BD0B00589393 /* Model.xcdatamodeld in Sources */,
				537F7B7A1942D99C00CE1703 /* Sellers+Access.m in Sources */,
				531611421944A61000414567 /* Product+Access.m in Sources */,
				5318247C1938D53600AA1564 /* THJackpotViewController.m in Sources */,
				531DB3041948A24500D12FE1 /* Orders.m in Sources */,
				532DC93F192ED83600C07757 /* main.m in Sources */,
				531DB3081948BD5000D12FE1 /* THUISwitch.m in Sources */,
				532D134F193F50F900CC0399 /* THTableViewGoodCell.m in Sources */,
				530FC1041942AEC5007B55F2 /* QRCodeViewModel.m in Sources */,
				531824541938C9C300AA1564 /* MarketsViewModel.m in Sources */,
				53AA3D7419387E1400D9C35B /* Goods.m in Sources */,
				530FC0FF19421286007B55F2 /* THHelper.m in Sources */,
				5306D002193DFECF005BD52E /* THCoreDataStack.m in Sources */,
				532D1343193F50B300CC0399 /* THTableViewProductCell.m in Sources */,
				531824601938CAA600AA1564 /* JackpotViewModel.m in Sources */,
				532D60C41931E0A800537D4C /* THAuthorizer.m in Sources */,
				537F7B771942D98800CE1703 /* Platforms+Access.m in Sources */,
				5318245A1938C9F500AA1564 /* GoodsViewModel.m in Sources */,
				531824511938C98D00AA1564 /* DeliveriesViewModel.m in Sources */,
				532D60B71931DF2200537D4C /* THNetwork.m in Sources */,
				532D1352193F640600CC0399 /* THViewController.m in Sources */,
				53AA3D7719387E1400D9C35B /* Platforms.m in Sources */,
				5306D008193E08AC005BD52E /* THBasicViewModel.m in Sources */,
				5318246D1938D4B600AA1564 /* THNavigationController.m in Sources */,
				531824571938C9DB00AA1564 /* ShopsViewModel.m in Sources */,
				537F7B6B1942D93500CE1703 /* Account+Access.m in Sources */,
				531DB3011948A21B00D12FE1 /* Product.m in Sources */,
				5318244B1938C77F00AA1564 /* SignInViewModel.m in Sources */,
				531824701938D4E700AA1564 /* THDeliveriesViewController.m in Sources */,
				5318244E1938C90900AA1564 /* ProductsViewModel.m in Sources */,
				532D1346193F50C600CC0399 /* THTableViewDeliveryCell.m in Sources */,
				5318247F1938D55900AA1564 /* THSignInViewController.m in Sources */,
				532D1349193F50D900CC0399 /* THTableViewMarketCell.m in Sources */,
				53AA3D7519387E1400D9C35B /* Markets.m in Sources */,
				53AA3D7919387E1400D9C35B /* Shops.m in Sources */,
			);
			runOnlyForDeploymentPostprocessing = 0;
		};
		532DC946192ED83600C07757 /* Sources */ = {
			isa = PBXSourcesBuildPhase;
			buildActionMask = 2147483647;
			files = (
				53097FA71933724F00589393 /* TongHuoTests.m in Sources */,
			);
			runOnlyForDeploymentPostprocessing = 0;
		};
/* End PBXSourcesBuildPhase section */

/* Begin PBXTargetDependency section */
		532DC950192ED83700C07757 /* PBXTargetDependency */ = {
			isa = PBXTargetDependency;
			target = 532DC92E192ED83600C07757 /* TongHuo */;
			targetProxy = 532DC94F192ED83700C07757 /* PBXContainerItemProxy */;
		};
/* End PBXTargetDependency section */

/* Begin PBXVariantGroup section */
		532DC93B192ED83600C07757 /* InfoPlist.strings */ = {
			isa = PBXVariantGroup;
			children = (
				532DC93C192ED83600C07757 /* en */,
			);
			name = InfoPlist.strings;
			sourceTree = "<group>";
		};
		532DC954192ED83700C07757 /* InfoPlist.strings */ = {
			isa = PBXVariantGroup;
			children = (
				532DC955192ED83700C07757 /* en */,
			);
			name = InfoPlist.strings;
			sourceTree = "<group>";
		};
/* End PBXVariantGroup section */

/* Begin XCBuildConfiguration section */
		532DC959192ED83700C07757 /* Debug */ = {
			isa = XCBuildConfiguration;
			buildSettings = {
				ALWAYS_SEARCH_USER_PATHS = NO;
				CLANG_CXX_LANGUAGE_STANDARD = "gnu++0x";
				CLANG_CXX_LIBRARY = "libc++";
				CLANG_ENABLE_MODULES = YES;
				CLANG_ENABLE_OBJC_ARC = YES;
				CLANG_WARN_BOOL_CONVERSION = YES;
				CLANG_WARN_CONSTANT_CONVERSION = YES;
				CLANG_WARN_DIRECT_OBJC_ISA_USAGE = YES_ERROR;
				CLANG_WARN_EMPTY_BODY = YES;
				CLANG_WARN_ENUM_CONVERSION = YES;
				CLANG_WARN_INT_CONVERSION = YES;
				CLANG_WARN_OBJC_ROOT_CLASS = YES_ERROR;
				CLANG_WARN__DUPLICATE_METHOD_MATCH = YES;
				"CODE_SIGN_IDENTITY[sdk=iphoneos*]" = "iPhone Developer";
				COPY_PHASE_STRIP = NO;
				GCC_C_LANGUAGE_STANDARD = gnu99;
				GCC_DYNAMIC_NO_PIC = NO;
				GCC_OPTIMIZATION_LEVEL = 0;
				GCC_PREPROCESSOR_DEFINITIONS = (
					"DEBUG=1",
					"$(inherited)",
				);
				GCC_SYMBOLS_PRIVATE_EXTERN = NO;
				GCC_WARN_64_TO_32_BIT_CONVERSION = YES;
				GCC_WARN_ABOUT_RETURN_TYPE = YES_ERROR;
				GCC_WARN_UNDECLARED_SELECTOR = YES;
				GCC_WARN_UNINITIALIZED_AUTOS = YES_AGGRESSIVE;
				GCC_WARN_UNUSED_FUNCTION = YES;
				GCC_WARN_UNUSED_VARIABLE = YES;
				IPHONEOS_DEPLOYMENT_TARGET = 7.1;
				ONLY_ACTIVE_ARCH = YES;
				SDKROOT = iphoneos;
			};
			name = Debug;
		};
		532DC95A192ED83700C07757 /* Release */ = {
			isa = XCBuildConfiguration;
			buildSettings = {
				ALWAYS_SEARCH_USER_PATHS = NO;
				CLANG_CXX_LANGUAGE_STANDARD = "gnu++0x";
				CLANG_CXX_LIBRARY = "libc++";
				CLANG_ENABLE_MODULES = YES;
				CLANG_ENABLE_OBJC_ARC = YES;
				CLANG_WARN_BOOL_CONVERSION = YES;
				CLANG_WARN_CONSTANT_CONVERSION = YES;
				CLANG_WARN_DIRECT_OBJC_ISA_USAGE = YES_ERROR;
				CLANG_WARN_EMPTY_BODY = YES;
				CLANG_WARN_ENUM_CONVERSION = YES;
				CLANG_WARN_INT_CONVERSION = YES;
				CLANG_WARN_OBJC_ROOT_CLASS = YES_ERROR;
				CLANG_WARN__DUPLICATE_METHOD_MATCH = YES;
				"CODE_SIGN_IDENTITY[sdk=iphoneos*]" = "iPhone Developer";
				COPY_PHASE_STRIP = YES;
				ENABLE_NS_ASSERTIONS = NO;
				GCC_C_LANGUAGE_STANDARD = gnu99;
				GCC_WARN_64_TO_32_BIT_CONVERSION = YES;
				GCC_WARN_ABOUT_RETURN_TYPE = YES_ERROR;
				GCC_WARN_UNDECLARED_SELECTOR = YES;
				GCC_WARN_UNINITIALIZED_AUTOS = YES_AGGRESSIVE;
				GCC_WARN_UNUSED_FUNCTION = YES;
				GCC_WARN_UNUSED_VARIABLE = YES;
				IPHONEOS_DEPLOYMENT_TARGET = 7.1;
				SDKROOT = iphoneos;
				VALIDATE_PRODUCT = YES;
			};
			name = Release;
		};
		532DC95C192ED83700C07757 /* Debug */ = {
			isa = XCBuildConfiguration;
			baseConfigurationReference = 9995BA8C9E78466BB9DCC872 /* Pods-TongHuo.xcconfig */;
			buildSettings = {
				ASSETCATALOG_COMPILER_APPICON_NAME = AppIcon;
				ASSETCATALOG_COMPILER_LAUNCHIMAGE_NAME = LaunchImage;
				CODE_SIGN_IDENTITY = "iPhone Developer";
				"CODE_SIGN_IDENTITY[sdk=iphoneos*]" = "iPhone Developer: Ben Ow (7QCR6LSFV8)";
				GCC_PRECOMPILE_PREFIX_HEADER = YES;
				GCC_PREFIX_HEADER = "TongHuo/TongHuo-Prefix.pch";
				INFOPLIST_FILE = "TongHuo/TongHuo-Info.plist";
				IPHONEOS_DEPLOYMENT_TARGET = 7.0;
				LIBRARY_SEARCH_PATHS = (
					"$(PODS_ROOT)/UmengSocial/umeng_ios_social_sdk_3.3.7.1_custom/UMSocial_Sdk_3.3.7.1/**",
					"$(PODS_ROOT)/UmengSocial/umeng_ios_social_sdk_3.3.7.1_custom/UMSocial_Sdk_Extra_Frameworks/TencentOpenAPI/",
					"$(PODS_ROOT)/UmengSocial/umeng_ios_social_sdk_3.3.7.1_custom/UMSocial_Sdk_Extra_Frameworks/Wechat/**",
				);
				PRODUCT_NAME = "$(TARGET_NAME)";
				PROVISIONING_PROFILE = "8F10CC0C-0D72-4519-B09F-0794481ED80D";
				WRAPPER_EXTENSION = app;
			};
			name = Debug;
		};
		532DC95D192ED83700C07757 /* Release */ = {
			isa = XCBuildConfiguration;
			baseConfigurationReference = 9995BA8C9E78466BB9DCC872 /* Pods-TongHuo.xcconfig */;
			buildSettings = {
				ASSETCATALOG_COMPILER_APPICON_NAME = AppIcon;
				ASSETCATALOG_COMPILER_LAUNCHIMAGE_NAME = LaunchImage;
				CODE_SIGN_IDENTITY = "iPhone Developer";
				"CODE_SIGN_IDENTITY[sdk=iphoneos*]" = "iPhone Developer: Ben Ow (7QCR6LSFV8)";
				GCC_PRECOMPILE_PREFIX_HEADER = YES;
				GCC_PREFIX_HEADER = "TongHuo/TongHuo-Prefix.pch";
				INFOPLIST_FILE = "TongHuo/TongHuo-Info.plist";
				IPHONEOS_DEPLOYMENT_TARGET = 7.0;
				LIBRARY_SEARCH_PATHS = (
					"$(PODS_ROOT)/UmengSocial/umeng_ios_social_sdk_3.3.7.1_custom/UMSocial_Sdk_3.3.7.1/**",
					"$(PODS_ROOT)/UmengSocial/umeng_ios_social_sdk_3.3.7.1_custom/UMSocial_Sdk_Extra_Frameworks/TencentOpenAPI/",
					"$(PODS_ROOT)/UmengSocial/umeng_ios_social_sdk_3.3.7.1_custom/UMSocial_Sdk_Extra_Frameworks/Wechat/**",
				);
				PRODUCT_NAME = "$(TARGET_NAME)";
				PROVISIONING_PROFILE = "8F10CC0C-0D72-4519-B09F-0794481ED80D";
				WRAPPER_EXTENSION = app;
			};
			name = Release;
		};
		532DC95F192ED83700C07757 /* Debug */ = {
			isa = XCBuildConfiguration;
			baseConfigurationReference = FFD4C48BC2FE4B00A5A9889A /* Pods-TongHuoTests.xcconfig */;
			buildSettings = {
				BUNDLE_LOADER = "$(BUILT_PRODUCTS_DIR)/TongHuo.app/TongHuo";
				FRAMEWORK_SEARCH_PATHS = (
					"$(SDKROOT)/Developer/Library/Frameworks",
					"$(inherited)",
					"$(DEVELOPER_FRAMEWORKS_DIR)",
				);
				GCC_PRECOMPILE_PREFIX_HEADER = YES;
				GCC_PREFIX_HEADER = "TongHuo/TongHuo-Prefix.pch";
				GCC_PREPROCESSOR_DEFINITIONS = (
					"DEBUG=1",
					"$(inherited)",
					"COCOAPODS=1",
				);
				INFOPLIST_FILE = "TongHuoTests/TongHuoTests-Info.plist";
				PODS_ROOT = "${SRCROOT}/Pods";
				PRODUCT_NAME = "$(TARGET_NAME)";
				TEST_HOST = "$(BUNDLE_LOADER)";
				WRAPPER_EXTENSION = xctest;
			};
			name = Debug;
		};
		532DC960192ED83700C07757 /* Release */ = {
			isa = XCBuildConfiguration;
			baseConfigurationReference = FFD4C48BC2FE4B00A5A9889A /* Pods-TongHuoTests.xcconfig */;
			buildSettings = {
				BUNDLE_LOADER = "$(BUILT_PRODUCTS_DIR)/TongHuo.app/TongHuo";
				FRAMEWORK_SEARCH_PATHS = (
					"$(SDKROOT)/Developer/Library/Frameworks",
					"$(inherited)",
					"$(DEVELOPER_FRAMEWORKS_DIR)",
				);
				GCC_PRECOMPILE_PREFIX_HEADER = YES;
				GCC_PREFIX_HEADER = "TongHuo/TongHuo-Prefix.pch";
				GCC_PREPROCESSOR_DEFINITIONS = (
					"${inherited}",
					"COCOAPODS=1",
				);
				INFOPLIST_FILE = "TongHuoTests/TongHuoTests-Info.plist";
				PODS_ROOT = "${SRCROOT}/Pods";
				PRODUCT_NAME = "$(TARGET_NAME)";
				TEST_HOST = "$(BUNDLE_LOADER)";
				WRAPPER_EXTENSION = xctest;
			};
			name = Release;
		};
/* End XCBuildConfiguration section */

/* Begin XCConfigurationList section */
		532DC92A192ED83600C07757 /* Build configuration list for PBXProject "TongHuo" */ = {
			isa = XCConfigurationList;
			buildConfigurations = (
				532DC959192ED83700C07757 /* Debug */,
				532DC95A192ED83700C07757 /* Release */,
			);
			defaultConfigurationIsVisible = 0;
			defaultConfigurationName = Release;
		};
		532DC95B192ED83700C07757 /* Build configuration list for PBXNativeTarget "TongHuo" */ = {
			isa = XCConfigurationList;
			buildConfigurations = (
				532DC95C192ED83700C07757 /* Debug */,
				532DC95D192ED83700C07757 /* Release */,
			);
			defaultConfigurationIsVisible = 0;
			defaultConfigurationName = Release;
		};
		532DC95E192ED83700C07757 /* Build configuration list for PBXNativeTarget "TongHuoTests" */ = {
			isa = XCConfigurationList;
			buildConfigurations = (
				532DC95F192ED83700C07757 /* Debug */,
				532DC960192ED83700C07757 /* Release */,
			);
			defaultConfigurationIsVisible = 0;
			defaultConfigurationName = Release;
		};
/* End XCConfigurationList section */

/* Begin XCVersionGroup section */
		53097FB91934BD0A00589393 /* Model.xcdatamodeld */ = {
			isa = XCVersionGroup;
			children = (
				53097FBA1934BD0A00589393 /* Model.xcdatamodel */,
			);
			currentVersion = 53097FBA1934BD0A00589393 /* Model.xcdatamodel */;
			path = Model.xcdatamodeld;
			sourceTree = "<group>";
			versionGroupType = wrapper.xcdatamodel;
		};
/* End XCVersionGroup section */
	};
	rootObject = 532DC927192ED83600C07757 /* Project object */;
}
